// !$*UTF8*$!
{
	archiveVersion = 1;
	classes = {
	};
	objectVersion = 50;
	objects = {

/* Begin PBXBuildFile section */
		3314A2732335477D007CBD5E /* UnitsAndModes.swift in Sources */ = {isa = PBXBuildFile; fileRef = 3314A2722335477D007CBD5E /* UnitsAndModes.swift */; };
		33616DD723393A1700501119 /* SettingsViewController.swift in Sources */ = {isa = PBXBuildFile; fileRef = 33616DD623393A1700501119 /* SettingsViewController.swift */; };
		33FF71202332A03D00A007DE /* AppDelegate.swift in Sources */ = {isa = PBXBuildFile; fileRef = 33FF711F2332A03D00A007DE /* AppDelegate.swift */; };
		33FF71222332A03D00A007DE /* ViewController.swift in Sources */ = {isa = PBXBuildFile; fileRef = 33FF71212332A03D00A007DE /* ViewController.swift */; };
		33FF71252332A03D00A007DE /* Main.storyboard in Resources */ = {isa = PBXBuildFile; fileRef = 33FF71232332A03D00A007DE /* Main.storyboard */; };
		33FF71272332A03D00A007DE /* Assets.xcassets in Resources */ = {isa = PBXBuildFile; fileRef = 33FF71262332A03D00A007DE /* Assets.xcassets */; };
		33FF712A2332A03D00A007DE /* LaunchScreen.storyboard in Resources */ = {isa = PBXBuildFile; fileRef = 33FF71282332A03D00A007DE /* LaunchScreen.storyboard */; };
		33FF71352332A03E00A007DE /* Conversion_CalculatorTests.swift in Sources */ = {isa = PBXBuildFile; fileRef = 33FF71342332A03E00A007DE /* Conversion_CalculatorTests.swift */; };
		33FF71402332A03E00A007DE /* Conversion_CalculatorUITests.swift in Sources */ = {isa = PBXBuildFile; fileRef = 33FF713F2332A03E00A007DE /* Conversion_CalculatorUITests.swift */; };
		33FF714E2332A36B00A007DE /* DecimalMinusTextField.swift in Sources */ = {isa = PBXBuildFile; fileRef = 33FF714D2332A36B00A007DE /* DecimalMinusTextField.swift */; };
/* End PBXBuildFile section */

/* Begin PBXContainerItemProxy section */
		33FF71312332A03E00A007DE /* PBXContainerItemProxy */ = {
			isa = PBXContainerItemProxy;
			containerPortal = 33FF71142332A03C00A007DE /* Project object */;
			proxyType = 1;
			remoteGlobalIDString = 33FF711B2332A03D00A007DE;
			remoteInfo = "Conversion Calculator";
		};
		33FF713C2332A03E00A007DE /* PBXContainerItemProxy */ = {
			isa = PBXContainerItemProxy;
			containerPortal = 33FF71142332A03C00A007DE /* Project object */;
			proxyType = 1;
			remoteGlobalIDString = 33FF711B2332A03D00A007DE;
			remoteInfo = "Conversion Calculator";
		};
/* End PBXContainerItemProxy section */

/* Begin PBXFileReference section */
		3314A2722335477D007CBD5E /* UnitsAndModes.swift */ = {isa = PBXFileReference; fileEncoding = 4; lastKnownFileType = sourcecode.swift; path = UnitsAndModes.swift; sourceTree = "<group>"; };
		33616DD623393A1700501119 /* SettingsViewController.swift */ = {isa = PBXFileReference; lastKnownFileType = sourcecode.swift; path = SettingsViewController.swift; sourceTree = "<group>"; };
		33FF711C2332A03D00A007DE /* Conversion Calculator.app */ = {isa = PBXFileReference; explicitFileType = wrapper.application; includeInIndex = 0; path = "Conversion Calculator.app"; sourceTree = BUILT_PRODUCTS_DIR; };
		33FF711F2332A03D00A007DE /* AppDelegate.swift */ = {isa = PBXFileReference; lastKnownFileType = sourcecode.swift; path = AppDelegate.swift; sourceTree = "<group>"; };
		33FF71212332A03D00A007DE /* ViewController.swift */ = {isa = PBXFileReference; lastKnownFileType = sourcecode.swift; path = ViewController.swift; sourceTree = "<group>"; };
		33FF71242332A03D00A007DE /* Base */ = {isa = PBXFileReference; lastKnownFileType = file.storyboard; name = Base; path = Base.lproj/Main.storyboard; sourceTree = "<group>"; };
		33FF71262332A03D00A007DE /* Assets.xcassets */ = {isa = PBXFileReference; lastKnownFileType = folder.assetcatalog; path = Assets.xcassets; sourceTree = "<group>"; };
		33FF71292332A03D00A007DE /* Base */ = {isa = PBXFileReference; lastKnownFileType = file.storyboard; name = Base; path = Base.lproj/LaunchScreen.storyboard; sourceTree = "<group>"; };
		33FF712B2332A03D00A007DE /* Info.plist */ = {isa = PBXFileReference; lastKnownFileType = text.plist.xml; path = Info.plist; sourceTree = "<group>"; };
		33FF71302332A03E00A007DE /* Conversion CalculatorTests.xctest */ = {isa = PBXFileReference; explicitFileType = wrapper.cfbundle; includeInIndex = 0; path = "Conversion CalculatorTests.xctest"; sourceTree = BUILT_PRODUCTS_DIR; };
		33FF71342332A03E00A007DE /* Conversion_CalculatorTests.swift */ = {isa = PBXFileReference; lastKnownFileType = sourcecode.swift; path = Conversion_CalculatorTests.swift; sourceTree = "<group>"; };
		33FF71362332A03E00A007DE /* Info.plist */ = {isa = PBXFileReference; lastKnownFileType = text.plist.xml; path = Info.plist; sourceTree = "<group>"; };
		33FF713B2332A03E00A007DE /* Conversion CalculatorUITests.xctest */ = {isa = PBXFileReference; explicitFileType = wrapper.cfbundle; includeInIndex = 0; path = "Conversion CalculatorUITests.xctest"; sourceTree = BUILT_PRODUCTS_DIR; };
		33FF713F2332A03E00A007DE /* Conversion_CalculatorUITests.swift */ = {isa = PBXFileReference; lastKnownFileType = sourcecode.swift; path = Conversion_CalculatorUITests.swift; sourceTree = "<group>"; };
		33FF71412332A03E00A007DE /* Info.plist */ = {isa = PBXFileReference; lastKnownFileType = text.plist.xml; path = Info.plist; sourceTree = "<group>"; };
		33FF714D2332A36B00A007DE /* DecimalMinusTextField.swift */ = {isa = PBXFileReference; fileEncoding = 4; lastKnownFileType = sourcecode.swift; path = DecimalMinusTextField.swift; sourceTree = "<group>"; };
/* End PBXFileReference section */

/* Begin PBXFrameworksBuildPhase section */
		33FF71192332A03D00A007DE /* Frameworks */ = {
			isa = PBXFrameworksBuildPhase;
			buildActionMask = 2147483647;
			files = (
			);
			runOnlyForDeploymentPostprocessing = 0;
		};
		33FF712D2332A03E00A007DE /* Frameworks */ = {
			isa = PBXFrameworksBuildPhase;
			buildActionMask = 2147483647;
			files = (
			);
			runOnlyForDeploymentPostprocessing = 0;
		};
		33FF71382332A03E00A007DE /* Frameworks */ = {
			isa = PBXFrameworksBuildPhase;
			buildActionMask = 2147483647;
			files = (
			);
			runOnlyForDeploymentPostprocessing = 0;
		};
/* End PBXFrameworksBuildPhase section */

/* Begin PBXGroup section */
		33FF71132332A03C00A007DE = {
			isa = PBXGroup;
			children = (
				33FF711E2332A03D00A007DE /* Conversion Calculator */,
				33FF71332332A03E00A007DE /* Conversion CalculatorTests */,
				33FF713E2332A03E00A007DE /* Conversion CalculatorUITests */,
				33FF711D2332A03D00A007DE /* Products */,
			);
			sourceTree = "<group>";
		};
		33FF711D2332A03D00A007DE /* Products */ = {
			isa = PBXGroup;
			children = (
				33FF711C2332A03D00A007DE /* Conversion Calculator.app */,
				33FF71302332A03E00A007DE /* Conversion CalculatorTests.xctest */,
				33FF713B2332A03E00A007DE /* Conversion CalculatorUITests.xctest */,
			);
			name = Products;
			sourceTree = "<group>";
		};
		33FF711E2332A03D00A007DE /* Conversion Calculator */ = {
			isa = PBXGroup;
			children = (
				33FF711F2332A03D00A007DE /* AppDelegate.swift */,
				33FF714D2332A36B00A007DE /* DecimalMinusTextField.swift */,
				33FF71212332A03D00A007DE /* ViewController.swift */,
				3314A2722335477D007CBD5E /* UnitsAndModes.swift */,
				33FF71232332A03D00A007DE /* Main.storyboard */,
				33FF71262332A03D00A007DE /* Assets.xcassets */,
				33FF71282332A03D00A007DE /* LaunchScreen.storyboard */,
				33FF712B2332A03D00A007DE /* Info.plist */,
				33616DD623393A1700501119 /* SettingsViewController.swift */,
			);
			path = "Conversion Calculator";
			sourceTree = "<group>";
		};
		33FF71332332A03E00A007DE /* Conversion CalculatorTests */ = {
			isa = PBXGroup;
			children = (
				33FF71342332A03E00A007DE /* Conversion_CalculatorTests.swift */,
				33FF71362332A03E00A007DE /* Info.plist */,
			);
			path = "Conversion CalculatorTests";
			sourceTree = "<group>";
		};
		33FF713E2332A03E00A007DE /* Conversion CalculatorUITests */ = {
			isa = PBXGroup;
			children = (
				33FF713F2332A03E00A007DE /* Conversion_CalculatorUITests.swift */,
				33FF71412332A03E00A007DE /* Info.plist */,
			);
			path = "Conversion CalculatorUITests";
			sourceTree = "<group>";
		};
/* End PBXGroup section */

/* Begin PBXNativeTarget section */
		33FF711B2332A03D00A007DE /* Conversion Calculator */ = {
			isa = PBXNativeTarget;
			buildConfigurationList = 33FF71442332A03E00A007DE /* Build configuration list for PBXNativeTarget "Conversion Calculator" */;
			buildPhases = (
				33FF71182332A03D00A007DE /* Sources */,
				33FF71192332A03D00A007DE /* Frameworks */,
				33FF711A2332A03D00A007DE /* Resources */,
			);
			buildRules = (
			);
			dependencies = (
			);
			name = "Conversion Calculator";
			productName = "Conversion Calculator";
			productReference = 33FF711C2332A03D00A007DE /* Conversion Calculator.app */;
			productType = "com.apple.product-type.application";
		};
		33FF712F2332A03E00A007DE /* Conversion CalculatorTests */ = {
			isa = PBXNativeTarget;
			buildConfigurationList = 33FF71472332A03E00A007DE /* Build configuration list for PBXNativeTarget "Conversion CalculatorTests" */;
			buildPhases = (
				33FF712C2332A03E00A007DE /* Sources */,
				33FF712D2332A03E00A007DE /* Frameworks */,
				33FF712E2332A03E00A007DE /* Resources */,
			);
			buildRules = (
			);
			dependencies = (
				33FF71322332A03E00A007DE /* PBXTargetDependency */,
			);
			name = "Conversion CalculatorTests";
			productName = "Conversion CalculatorTests";
			productReference = 33FF71302332A03E00A007DE /* Conversion CalculatorTests.xctest */;
			productType = "com.apple.product-type.bundle.unit-test";
		};
		33FF713A2332A03E00A007DE /* Conversion CalculatorUITests */ = {
			isa = PBXNativeTarget;
			buildConfigurationList = 33FF714A2332A03E00A007DE /* Build configuration list for PBXNativeTarget "Conversion CalculatorUITests" */;
			buildPhases = (
				33FF71372332A03E00A007DE /* Sources */,
				33FF71382332A03E00A007DE /* Frameworks */,
				33FF71392332A03E00A007DE /* Resources */,
			);
			buildRules = (
			);
			dependencies = (
				33FF713D2332A03E00A007DE /* PBXTargetDependency */,
			);
			name = "Conversion CalculatorUITests";
			productName = "Conversion CalculatorUITests";
			productReference = 33FF713B2332A03E00A007DE /* Conversion CalculatorUITests.xctest */;
			productType = "com.apple.product-type.bundle.ui-testing";
		};
/* End PBXNativeTarget section */

/* Begin PBXProject section */
		33FF71142332A03C00A007DE /* Project object */ = {
			isa = PBXProject;
			attributes = {
				LastSwiftUpdateCheck = 1030;
				LastUpgradeCheck = 1030;
				ORGANIZATIONNAME = "Xcode User";
				TargetAttributes = {
					33FF711B2332A03D00A007DE = {
						CreatedOnToolsVersion = 10.3;
					};
					33FF712F2332A03E00A007DE = {
						CreatedOnToolsVersion = 10.3;
						TestTargetID = 33FF711B2332A03D00A007DE;
					};
					33FF713A2332A03E00A007DE = {
						CreatedOnToolsVersion = 10.3;
						TestTargetID = 33FF711B2332A03D00A007DE;
					};
				};
			};
			buildConfigurationList = 33FF71172332A03C00A007DE /* Build configuration list for PBXProject "Conversion Calculator" */;
			compatibilityVersion = "Xcode 9.3";
			developmentRegion = en;
			hasScannedForEncodings = 0;
			knownRegions = (
				en,
				Base,
			);
			mainGroup = 33FF71132332A03C00A007DE;
			productRefGroup = 33FF711D2332A03D00A007DE /* Products */;
			projectDirPath = "";
			projectRoot = "";
			targets = (
				33FF711B2332A03D00A007DE /* Conversion Calculator */,
				33FF712F2332A03E00A007DE /* Conversion CalculatorTests */,
				33FF713A2332A03E00A007DE /* Conversion CalculatorUITests */,
			);
		};
/* End PBXProject section */

/* Begin PBXResourcesBuildPhase section */
		33FF711A2332A03D00A007DE /* Resources */ = {
			isa = PBXResourcesBuildPhase;
			buildActionMask = 2147483647;
			files = (
				33FF712A2332A03D00A007DE /* LaunchScreen.storyboard in Resources */,
				33FF71272332A03D00A007DE /* Assets.xcassets in Resources */,
				33FF71252332A03D00A007DE /* Main.storyboard in Resources */,
			);
			runOnlyForDeploymentPostprocessing = 0;
		};
		33FF712E2332A03E00A007DE /* Resources */ = {
			isa = PBXResourcesBuildPhase;
			buildActionMask = 2147483647;
			files = (
			);
			runOnlyForDeploymentPostprocessing = 0;
		};
		33FF71392332A03E00A007DE /* Resources */ = {
			isa = PBXResourcesBuildPhase;
			buildActionMask = 2147483647;
			files = (
			);
			runOnlyForDeploymentPostprocessing = 0;
		};
/* End PBXResourcesBuildPhase section */

/* Begin PBXSourcesBuildPhase section */
		33FF71182332A03D00A007DE /* Sources */ = {
			isa = PBXSourcesBuildPhase;
			buildActionMask = 2147483647;
			files = (
				3314A2732335477D007CBD5E /* UnitsAndModes.swift in Sources */,
				33616DD723393A1700501119 /* SettingsViewController.swift in Sources */,
				33FF714E2332A36B00A007DE /* DecimalMinusTextField.swift in Sources */,
				33FF71222332A03D00A007DE /* ViewController.swift in Sources */,
				33FF71202332A03D00A007DE /* AppDelegate.swift in Sources */,
			);
			runOnlyForDeploymentPostprocessing = 0;
		};
		33FF712C2332A03E00A007DE /* Sources */ = {
			isa = PBXSourcesBuildPhase;
			buildActionMask = 2147483647;
			files = (
				33FF71352332A03E00A007DE /* Conversion_CalculatorTests.swift in Sources */,
			);
			runOnlyForDeploymentPostprocessing = 0;
		};
		33FF71372332A03E00A007DE /* Sources */ = {
			isa = PBXSourcesBuildPhase;
			buildActionMask = 2147483647;
			files = (
				33FF71402332A03E00A007DE /* Conversion_CalculatorUITests.swift in Sources */,
			);
			runOnlyForDeploymentPostprocessing = 0;
		};
/* End PBXSourcesBuildPhase section */

/* Begin PBXTargetDependency section */
		33FF71322332A03E00A007DE /* PBXTargetDependency */ = {
			isa = PBXTargetDependency;
			target = 33FF711B2332A03D00A007DE /* Conversion Calculator */;
			targetProxy = 33FF71312332A03E00A007DE /* PBXContainerItemProxy */;
		};
		33FF713D2332A03E00A007DE /* PBXTargetDependency */ = {
			isa = PBXTargetDependency;
			target = 33FF711B2332A03D00A007DE /* Conversion Calculator */;
			targetProxy = 33FF713C2332A03E00A007DE /* PBXContainerItemProxy */;
		};
/* End PBXTargetDependency section */

/* Begin PBXVariantGroup section */
		33FF71232332A03D00A007DE /* Main.storyboard */ = {
			isa = PBXVariantGroup;
			children = (
				33FF71242332A03D00A007DE /* Base */,
			);
			name = Main.storyboard;
			sourceTree = "<group>";
		};
		33FF71282332A03D00A007DE /* LaunchScreen.storyboard */ = {
			isa = PBXVariantGroup;
			children = (
				33FF71292332A03D00A007DE /* Base */,
			);
			name = LaunchScreen.storyboard;
			sourceTree = "<group>";
		};
/* End PBXVariantGroup section */

/* Begin XCBuildConfiguration section */
		33FF71422332A03E00A007DE /* Debug */ = {
			isa = XCBuildConfiguration;
			buildSettings = {
				ALWAYS_SEARCH_USER_PATHS = NO;
				CLANG_ANALYZER_NONNULL = YES;
				CLANG_ANALYZER_NUMBER_OBJECT_CONVERSION = YES_AGGRESSIVE;
				CLANG_CXX_LANGUAGE_STANDARD = "gnu++14";
				CLANG_CXX_LIBRARY = "libc++";
				CLANG_ENABLE_MODULES = YES;
				CLANG_ENABLE_OBJC_ARC = YES;
				CLANG_ENABLE_OBJC_WEAK = YES;
				CLANG_WARN_BLOCK_CAPTURE_AUTORELEASING = YES;
				CLANG_WARN_BOOL_CONVERSION = YES;
				CLANG_WARN_COMMA = YES;
				CLANG_WARN_CONSTANT_CONVERSION = YES;
				CLANG_WARN_DEPRECATED_OBJC_IMPLEMENTATIONS = YES;
				CLANG_WARN_DIRECT_OBJC_ISA_USAGE = YES_ERROR;
				CLANG_WARN_DOCUMENTATION_COMMENTS = YES;
				CLANG_WARN_EMPTY_BODY = YES;
				CLANG_WARN_ENUM_CONVERSION = YES;
				CLANG_WARN_INFINITE_RECURSION = YES;
				CLANG_WARN_INT_CONVERSION = YES;
				CLANG_WARN_NON_LITERAL_NULL_CONVERSION = YES;
				CLANG_WARN_OBJC_IMPLICIT_RETAIN_SELF = YES;
				CLANG_WARN_OBJC_LITERAL_CONVERSION = YES;
				CLANG_WARN_OBJC_ROOT_CLASS = YES_ERROR;
				CLANG_WARN_RANGE_LOOP_ANALYSIS = YES;
				CLANG_WARN_STRICT_PROTOTYPES = YES;
				CLANG_WARN_SUSPICIOUS_MOVE = YES;
				CLANG_WARN_UNGUARDED_AVAILABILITY = YES_AGGRESSIVE;
				CLANG_WARN_UNREACHABLE_CODE = YES;
				CLANG_WARN__DUPLICATE_METHOD_MATCH = YES;
				CODE_SIGN_IDENTITY = "iPhone Developer";
				COPY_PHASE_STRIP = NO;
				DEBUG_INFORMATION_FORMAT = dwarf;
				ENABLE_STRICT_OBJC_MSGSEND = YES;
				ENABLE_TESTABILITY = YES;
				GCC_C_LANGUAGE_STANDARD = gnu11;
				GCC_DYNAMIC_NO_PIC = NO;
				GCC_NO_COMMON_BLOCKS = YES;
				GCC_OPTIMIZATION_LEVEL = 0;
				GCC_PREPROCESSOR_DEFINITIONS = (
					"DEBUG=1",
					"$(inherited)",
				);
				GCC_WARN_64_TO_32_BIT_CONVERSION = YES;
				GCC_WARN_ABOUT_RETURN_TYPE = YES_ERROR;
				GCC_WARN_UNDECLARED_SELECTOR = YES;
				GCC_WARN_UNINITIALIZED_AUTOS = YES_AGGRESSIVE;
				GCC_WARN_UNUSED_FUNCTION = YES;
				GCC_WARN_UNUSED_VARIABLE = YES;
				IPHONEOS_DEPLOYMENT_TARGET = 12.4;
				MTL_ENABLE_DEBUG_INFO = INCLUDE_SOURCE;
				MTL_FAST_MATH = YES;
				ONLY_ACTIVE_ARCH = YES;
				SDKROOT = iphoneos;
				SWIFT_ACTIVE_COMPILATION_CONDITIONS = DEBUG;
				SWIFT_OPTIMIZATION_LEVEL = "-Onone";
			};
			name = Debug;
		};
		33FF71432332A03E00A007DE /* Release */ = {
			isa = XCBuildConfiguration;
			buildSettings = {
				ALWAYS_SEARCH_USER_PATHS = NO;
				CLANG_ANALYZER_NONNULL = YES;
				CLANG_ANALYZER_NUMBER_OBJECT_CONVERSION = YES_AGGRESSIVE;
				CLANG_CXX_LANGUAGE_STANDARD = "gnu++14";
				CLANG_CXX_LIBRARY = "libc++";
				CLANG_ENABLE_MODULES = YES;
				CLANG_ENABLE_OBJC_ARC = YES;
				CLANG_ENABLE_OBJC_WEAK = YES;
				CLANG_WARN_BLOCK_CAPTURE_AUTORELEASING = YES;
				CLANG_WARN_BOOL_CONVERSION = YES;
				CLANG_WARN_COMMA = YES;
				CLANG_WARN_CONSTANT_CONVERSION = YES;
				CLANG_WARN_DEPRECATED_OBJC_IMPLEMENTATIONS = YES;
				CLANG_WARN_DIRECT_OBJC_ISA_USAGE = YES_ERROR;
				CLANG_WARN_DOCUMENTATION_COMMENTS = YES;
				CLANG_WARN_EMPTY_BODY = YES;
				CLANG_WARN_ENUM_CONVERSION = YES;
				CLANG_WARN_INFINITE_RECURSION = YES;
				CLANG_WARN_INT_CONVERSION = YES;
				CLANG_WARN_NON_LITERAL_NULL_CONVERSION = YES;
				CLANG_WARN_OBJC_IMPLICIT_RETAIN_SELF = YES;
				CLANG_WARN_OBJC_LITERAL_CONVERSION = YES;
				CLANG_WARN_OBJC_ROOT_CLASS = YES_ERROR;
				CLANG_WARN_RANGE_LOOP_ANALYSIS = YES;
				CLANG_WARN_STRICT_PROTOTYPES = YES;
				CLANG_WARN_SUSPICIOUS_MOVE = YES;
				CLANG_WARN_UNGUARDED_AVAILABILITY = YES_AGGRESSIVE;
				CLANG_WARN_UNREACHABLE_CODE = YES;
				CLANG_WARN__DUPLICATE_METHOD_MATCH = YES;
				CODE_SIGN_IDENTITY = "iPhone Developer";
				COPY_PHASE_STRIP = NO;
				DEBUG_INFORMATION_FORMAT = "dwarf-with-dsym";
				ENABLE_NS_ASSERTIONS = NO;
				ENABLE_STRICT_OBJC_MSGSEND = YES;
				GCC_C_LANGUAGE_STANDARD = gnu11;
				GCC_NO_COMMON_BLOCKS = YES;
				GCC_WARN_64_TO_32_BIT_CONVERSION = YES;
				GCC_WARN_ABOUT_RETURN_TYPE = YES_ERROR;
				GCC_WARN_UNDECLARED_SELECTOR = YES;
				GCC_WARN_UNINITIALIZED_AUTOS = YES_AGGRESSIVE;
				GCC_WARN_UNUSED_FUNCTION = YES;
				GCC_WARN_UNUSED_VARIABLE = YES;
				IPHONEOS_DEPLOYMENT_TARGET = 12.4;
				MTL_ENABLE_DEBUG_INFO = NO;
				MTL_FAST_MATH = YES;
				SDKROOT = iphoneos;
				SWIFT_COMPILATION_MODE = wholemodule;
				SWIFT_OPTIMIZATION_LEVEL = "-O";
				VALIDATE_PRODUCT = YES;
			};
			name = Release;
		};
		33FF71452332A03E00A007DE /* Debug */ = {
			isa = XCBuildConfiguration;
			buildSettings = {
				ASSETCATALOG_COMPILER_APPICON_NAME = AppIcon;
				CODE_SIGN_STYLE = Automatic;
				INFOPLIST_FILE = "Conversion Calculator/Info.plist";
				LD_RUNPATH_SEARCH_PATHS = (
					"$(inherited)",
					"@executable_path/Frameworks",
				);
				PRODUCT_BUNDLE_IDENTIFIER = "GVSU.Conversion-Calculator";
				PRODUCT_NAME = "$(TARGET_NAME)";
				SWIFT_VERSION = 5.0;
				TARGETED_DEVICE_FAMILY = "1,2";
			};
			name = Debug;
		};
		33FF71462332A03E00A007DE /* Release */ = {
			isa = XCBuildConfiguration;
			buildSettings = {
				ASSETCATALOG_COMPILER_APPICON_NAME = AppIcon;
				CODE_SIGN_STYLE = Automatic;
				INFOPLIST_FILE = "Conversion Calculator/Info.plist";
				LD_RUNPATH_SEARCH_PATHS = (
					"$(inherited)",
					"@executable_path/Frameworks",
				);
				PRODUCT_BUNDLE_IDENTIFIER = "GVSU.Conversion-Calculator";
				PRODUCT_NAME = "$(TARGET_NAME)";
				SWIFT_VERSION = 5.0;
				TARGETED_DEVICE_FAMILY = "1,2";
			};
			name = Release;
		};
		33FF71482332A03E00A007DE /* Debug */ = {
			isa = XCBuildConfiguration;
			buildSettings = {
				ALWAYS_EMBED_SWIFT_STANDARD_LIBRARIES = YES;
				BUNDLE_LOADER = "$(TEST_HOST)";
				CODE_SIGN_STYLE = Automatic;
				INFOPLIST_FILE = "Conversion CalculatorTests/Info.plist";
				LD_RUNPATH_SEARCH_PATHS = (
					"$(inherited)",
					"@executable_path/Frameworks",
					"@loader_path/Frameworks",
				);
				PRODUCT_BUNDLE_IDENTIFIER = "GVSU.Conversion-CalculatorTests";
				PRODUCT_NAME = "$(TARGET_NAME)";
				SWIFT_VERSION = 5.0;
				TARGETED_DEVICE_FAMILY = "1,2";
				TEST_HOST = "$(BUILT_PRODUCTS_DIR)/Conversion Calculator.app/Conversion Calculator";
			};
			name = Debug;
		};
		33FF71492332A03E00A007DE /* Release */ = {
			isa = XCBuildConfiguration;
			buildSettings = {
				ALWAYS_EMBED_SWIFT_STANDARD_LIBRARIES = YES;
				BUNDLE_LOADER = "$(TEST_HOST)";
				CODE_SIGN_STYLE = Automatic;
				INFOPLIST_FILE = "Conversion CalculatorTests/Info.plist";
				LD_RUNPATH_SEARCH_PATHS = (
					"$(inherited)",
					"@executable_path/Frameworks",
					"@loader_path/Frameworks",
				);
				PRODUCT_BUNDLE_IDENTIFIER = "GVSU.Conversion-CalculatorTests";
				PRODUCT_NAME = "$(TARGET_NAME)";
				SWIFT_VERSION = 5.0;
				TARGETED_DEVICE_FAMILY = "1,2";
				TEST_HOST = "$(BUILT_PRODUCTS_DIR)/Conversion Calculator.app/Conversion Calculator";
			};
			name = Release;
		};
		33FF714B2332A03E00A007DE /* Debug */ = {
			isa = XCBuildConfiguration;
			buildSettings = {
				ALWAYS_EMBED_SWIFT_STANDARD_LIBRARIES = YES;
				CODE_SIGN_STYLE = Automatic;
				INFOPLIST_FILE = "Conversion CalculatorUITests/Info.plist";
				LD_RUNPATH_SEARCH_PATHS = (
					"$(inherited)",
					"@executable_path/Frameworks",
					"@loader_path/Frameworks",
				);
				PRODUCT_BUNDLE_IDENTIFIER = "GVSU.Conversion-CalculatorUITests";
				PRODUCT_NAME = "$(TARGET_NAME)";
				SWIFT_VERSION = 5.0;
				TARGETED_DEVICE_FAMILY = "1,2";
				TEST_TARGET_NAME = "Conversion Calculator";
			};
			name = Debug;
		};
		33FF714C2332A03E00A007DE /* Release */ = {
			isa = XCBuildConfiguration;
			buildSettings = {
				ALWAYS_EMBED_SWIFT_STANDARD_LIBRARIES = YES;
				CODE_SIGN_STYLE = Automatic;
				INFOPLIST_FILE = "Conversion CalculatorUITests/Info.plist";
				LD_RUNPATH_SEARCH_PATHS = (
					"$(inherited)",
					"@executable_path/Frameworks",
					"@loader_path/Frameworks",
				);
				PRODUCT_BUNDLE_IDENTIFIER = "GVSU.Conversion-CalculatorUITests";
				PRODUCT_NAME = "$(TARGET_NAME)";
				SWIFT_VERSION = 5.0;
				TARGETED_DEVICE_FAMILY = "1,2";
				TEST_TARGET_NAME = "Conversion Calculator";
			};
			name = Release;
		};
/* End XCBuildConfiguration section */

/* Begin XCConfigurationList section */
		33FF71172332A03C00A007DE /* Build configuration list for PBXProject "Conversion Calculator" */ = {
			isa = XCConfigurationList;
			buildConfigurations = (
				33FF71422332A03E00A007DE /* Debug */,
				33FF71432332A03E00A007DE /* Release */,
			);
			defaultConfigurationIsVisible = 0;
			defaultConfigurationName = Release;
		};
		33FF71442332A03E00A007DE /* Build configuration list for PBXNativeTarget "Conversion Calculator" */ = {
			isa = XCConfigurationList;
			buildConfigurations = (
				33FF71452332A03E00A007DE /* Debug */,
				33FF71462332A03E00A007DE /* Release */,
			);
			defaultConfigurationIsVisible = 0;
			defaultConfigurationName = Release;
		};
		33FF71472332A03E00A007DE /* Build configuration list for PBXNativeTarget "Conversion CalculatorTests" */ = {
			isa = XCConfigurationList;
			buildConfigurations = (
				33FF71482332A03E00A007DE /* Debug */,
				33FF71492332A03E00A007DE /* Release */,
			);
			defaultConfigurationIsVisible = 0;
			defaultConfigurationName = Release;
		};
		33FF714A2332A03E00A007DE /* Build configuration list for PBXNativeTarget "Conversion CalculatorUITests" */ = {
			isa = XCConfigurationList;
			buildConfigurations = (
				33FF714B2332A03E00A007DE /* Debug */,
				33FF714C2332A03E00A007DE /* Release */,
			);
			defaultConfigurationIsVisible = 0;
			defaultConfigurationName = Release;
		};
/* End XCConfigurationList section */
	};
	rootObject = 33FF71142332A03C00A007DE /* Project object */;
}
